
Microsoft Visual Studio Solution File, Format Version 12.00
# Visual Studio Version 16
VisualStudioVersion = 16.0.34114.132
MinimumVisualStudioVersion = 10.0.40219.1
Project("{9A19103F-16F7-4668-BE54-9A1E7A4F7556}") = "WebApplication", "WebApplication\WebApplication.csproj", "{47BB9C78-6EA1-41B9-8BFB-81C096918157}"
EndProject
Project("{FAE04EC0-301F-11D3-BF4B-00C04F79EFBC}") = "TestProject", "TestProject\TestProject.csproj", "{96531574-6D43-4438-A60B-1FEC1B582BD3}"
EndProject
Global
	GlobalSection(SolutionConfigurationPlatforms) = preSolution
		Debug|Any CPU = Debug|Any CPU
		Release|Any CPU = Release|Any CPU
	EndGlobalSection
	GlobalSection(ProjectConfigurationPlatforms) = postSolution
		{47BB9C78-6EA1-41B9-8BFB-81C096918157}.Debug|Any CPU.ActiveCfg = Debug|Any CPU
		{47BB9C78-6EA1-41B9-8BFB-81C096918157}.Debug|Any CPU.Build.0 = Debug|Any CPU
		{47BB9C78-6EA1-41B9-8BFB-81C096918157}.Release|Any CPU.ActiveCfg = Release|Any CPU
		{47BB9C78-6EA1-41B9-8BFB-81C096918157}.Release|Any CPU.Build.0 = Release|Any CPU
		{96531574-6D43-4438-A60B-1FEC1B582BD3}.Debug|Any CPU.ActiveCfg = Debug|Any CPU
		{96531574-6D43-4438-A60B-1FEC1B582BD3}.Debug|Any CPU.Build.0 = Debug|Any CPU
		{96531574-6D43-4438-A60B-1FEC1B582BD3}.Release|Any CPU.ActiveCfg = Release|Any CPU
		{96531574-6D43-4438-A60B-1FEC1B582BD3}.Release|Any CPU.Build.0 = Release|Any CPU
	EndGlobalSection
	GlobalSection(SolutionProperties) = preSolution
		HideSolutionNode = FALSE
	EndGlobalSection
	GlobalSection(ExtensibilityGlobals) = postSolution
		SolutionGuid = {67EBBBD6-9CA1-4274-81F4-312180F18190}
	EndGlobalSection
EndGlobal
